
Microsoft Visual Studio Solution File, Format Version 12.00
# Visual Studio Version 17
VisualStudioVersion = 17.0.31903.59
MinimumVisualStudioVersion = 10.0.40219.1
Project("{FAE04EC0-301F-11D3-BF4B-00C04F79EFBC}") = "SpaceDC.Api", "SpaceDC.Api.csproj", "{834857D1-CB84-4BD2-8E99-CA2F4D2C845F}"
EndProject
Project("{FAE04EC0-301F-11D3-BF4B-00C04F79EFBC}") = "SpaceDC.Tests", "..\SpaceDC.Tests\SpaceDC.Tests.csproj", "{3BDBF6FC-BD95-4CEC-87FC-B5F0F4CF122F}"
EndProject
Global
	GlobalSection(SolutionConfigurationPlatforms) = preSolution
		Debug|Any CPU = Debug|Any CPU
		Debug|x64 = Debug|x64
		Debug|x86 = Debug|x86
		Release|Any CPU = Release|Any CPU
		Release|x64 = Release|x64
		Release|x86 = Release|x86
	EndGlobalSection
	GlobalSection(ProjectConfigurationPlatforms) = postSolution
		{834857D1-CB84-4BD2-8E99-CA2F4D2C845F}.Debug|Any CPU.ActiveCfg = Debug|Any CPU
		{834857D1-CB84-4BD2-8E99-CA2F4D2C845F}.Debug|Any CPU.Build.0 = Debug|Any CPU
		{834857D1-CB84-4BD2-8E99-CA2F4D2C845F}.Debug|x64.ActiveCfg = Debug|Any CPU
		{834857D1-CB84-4BD2-8E99-CA2F4D2C845F}.Debug|x64.Build.0 = Debug|Any CPU
		{834857D1-CB84-4BD2-8E99-CA2F4D2C845F}.Debug|x86.ActiveCfg = Debug|Any CPU
		{834857D1-CB84-4BD2-8E99-CA2F4D2C845F}.Debug|x86.Build.0 = Debug|Any CPU
		{834857D1-CB84-4BD2-8E99-CA2F4D2C845F}.Release|Any CPU.ActiveCfg = Release|Any CPU
		{834857D1-CB84-4BD2-8E99-CA2F4D2C845F}.Release|Any CPU.Build.0 = Release|Any CPU
		{834857D1-CB84-4BD2-8E99-CA2F4D2C845F}.Release|x64.ActiveCfg = Release|Any CPU
		{834857D1-CB84-4BD2-8E99-CA2F4D2C845F}.Release|x64.Build.0 = Release|Any CPU
		{834857D1-CB84-4BD2-8E99-CA2F4D2C845F}.Release|x86.ActiveCfg = Release|Any CPU
		{834857D1-CB84-4BD2-8E99-CA2F4D2C845F}.Release|x86.Build.0 = Release|Any CPU
		{3BDBF6FC-BD95-4CEC-87FC-B5F0F4CF122F}.Debug|Any CPU.ActiveCfg = Debug|Any CPU
		{3BDBF6FC-BD95-4CEC-87FC-B5F0F4CF122F}.Debug|Any CPU.Build.0 = Debug|Any CPU
		{3BDBF6FC-BD95-4CEC-87FC-B5F0F4CF122F}.Debug|x64.ActiveCfg = Debug|Any CPU
		{3BDBF6FC-BD95-4CEC-87FC-B5F0F4CF122F}.Debug|x64.Build.0 = Debug|Any CPU
		{3BDBF6FC-BD95-4CEC-87FC-B5F0F4CF122F}.Debug|x86.ActiveCfg = Debug|Any CPU
		{3BDBF6FC-BD95-4CEC-87FC-B5F0F4CF122F}.Debug|x86.Build.0 = Debug|Any CPU
		{3BDBF6FC-BD95-4CEC-87FC-B5F0F4CF122F}.Release|Any CPU.ActiveCfg = Release|Any CPU
		{3BDBF6FC-BD95-4CEC-87FC-B5F0F4CF122F}.Release|Any CPU.Build.0 = Release|Any CPU
		{3BDBF6FC-BD95-4CEC-87FC-B5F0F4CF122F}.Release|x64.ActiveCfg = Release|Any CPU
		{3BDBF6FC-BD95-4CEC-87FC-B5F0F4CF122F}.Release|x64.Build.0 = Release|Any CPU
		{3BDBF6FC-BD95-4CEC-87FC-B5F0F4CF122F}.Release|x86.ActiveCfg = Release|Any CPU
		{3BDBF6FC-BD95-4CEC-87FC-B5F0F4CF122F}.Release|x86.Build.0 = Release|Any CPU
	EndGlobalSection
	GlobalSection(SolutionProperties) = preSolution
		HideSolutionNode = FALSE
	EndGlobalSection
EndGlobal
